
Microsoft Visual Studio Solution File, Format Version 12.00
# Visual Studio Version 17
VisualStudioVersion = 17.10.35013.160
MinimumVisualStudioVersion = 10.0.40219.1
Project("{FAE04EC0-301F-11D3-BF4B-00C04F79EFBC}") = "NewsMauiCVT", "NewsMauiCVT\NewsMauiCVT.csproj", "{7A9EFA24-780D-4BFF-B99E-28480369BA1B}"
EndProject
Global
	GlobalSection(SolutionConfigurationPlatforms) = preSolution
		Debug|Any CPU = Debug|Any CPU
		Release|Any CPU = Release|Any CPU
	EndGlobalSection
	GlobalSection(ProjectConfigurationPlatforms) = postSolution
		{7A9EFA24-780D-4BFF-B99E-28480369BA1B}.Debug|Any CPU.ActiveCfg = Debug|Any CPU
		{7A9EFA24-780D-4BFF-B99E-28480369BA1B}.Debug|Any CPU.Build.0 = Debug|Any CPU
		{7A9EFA24-780D-4BFF-B99E-28480369BA1B}.Debug|Any CPU.Deploy.0 = Debug|Any CPU
		{7A9EFA24-780D-4BFF-B99E-28480369BA1B}.Release|Any CPU.ActiveCfg = Release|Any CPU
		{7A9EFA24-780D-4BFF-B99E-28480369BA1B}.Release|Any CPU.Build.0 = Release|Any CPU
		{7A9EFA24-780D-4BFF-B99E-28480369BA1B}.Release|Any CPU.Deploy.0 = Release|Any CPU
	EndGlobalSection
	GlobalSection(SolutionProperties) = preSolution
		HideSolutionNode = FALSE
	EndGlobalSection
	GlobalSection(ExtensibilityGlobals) = postSolution
		SolutionGuid = {4EEE9B43-2B8E-4C6C-8DD6-73658A57F7BD}
	EndGlobalSection
EndGlobal
